
Microsoft Visual Studio Solution File, Format Version 12.00
# Visual Studio Version 16
VisualStudioVersion = 16.0.31410.357
MinimumVisualStudioVersion = 10.0.40219.1
Project("{2150E333-8FDC-42A3-9474-1A3956D46DE8}") = "src", "src", "{FBB9F47F-EA52-49D4-B6AC-7ECA9C4FCE50}"
EndProject
Project("{2150E333-8FDC-42A3-9474-1A3956D46DE8}") = "Solution Items", "Solution Items", "{A81F8847-1300-4C86-A8F3-502FB32D5335}"
	ProjectSection(SolutionItems) = preProject
		MicroservicesNotes.txt = MicroservicesNotes.txt
		ServiceUrls.txt = ServiceUrls.txt
	EndProjectSection
EndProject
Project("{2150E333-8FDC-42A3-9474-1A3956D46DE8}") = "ApiGateways", "ApiGateways", "{4BC31F6F-4971-4D30-AEB7-E57D42C8A64D}"
EndProject
Project("{2150E333-8FDC-42A3-9474-1A3956D46DE8}") = "BuildingBlocks", "BuildingBlocks", "{54307B8F-D701-47A1-8377-82E83DB1273E}"
EndProject
Project("{2150E333-8FDC-42A3-9474-1A3956D46DE8}") = "Services", "Services", "{246D5898-AA01-44D1-AA70-3CD1BA53D4B7}"
EndProject
Project("{2150E333-8FDC-42A3-9474-1A3956D46DE8}") = "Clients", "Clients", "{A7E55377-E2B1-4D45-9739-53EFAB8634D4}"
EndProject
Project("{2150E333-8FDC-42A3-9474-1A3956D46DE8}") = "WepApiGateway", "WepApiGateway", "{2BC8A273-EE29-4C05-BA66-61D0E8B1ECB8}"
EndProject
Project("{9A19103F-16F7-4668-BE54-9A1E7A4F7556}") = "Web.ApiGateway", "src\ApiGateways\WebApiGateway\Web.ApiGateway\Web.ApiGateway.csproj", "{D9589C53-7546-47E4-B008-4456D1548DBE}"
EndProject
Project("{2150E333-8FDC-42A3-9474-1A3956D46DE8}") = "EventBus", "EventBus", "{9B2D971D-E76C-4FDE-8EAF-799FA9E956F1}"
EndProject
Project("{9A19103F-16F7-4668-BE54-9A1E7A4F7556}") = "EventBus.Base", "src\BuildingBlocks\EventBus\EventBus.Base\EventBus.Base.csproj", "{1AE08339-C8F6-4209-A9F5-12CE75DA99EC}"
EndProject
Project("{9A19103F-16F7-4668-BE54-9A1E7A4F7556}") = "EventBus.Factory", "src\BuildingBlocks\EventBus\EventBus.Factory\EventBus.Factory.csproj", "{56BAAA09-1A4F-4EAD-B6EC-F0BBDFEFDD2D}"
EndProject
Project("{9A19103F-16F7-4668-BE54-9A1E7A4F7556}") = "EventBus.AzureServiceBus", "src\BuildingBlocks\EventBus\EventBus.AzureServiceBus\EventBus.AzureServiceBus.csproj", "{54541A30-CFCA-44FA-B959-8C924633873E}"
EndProject
Project("{9A19103F-16F7-4668-BE54-9A1E7A4F7556}") = "EventBus.RabbitMQ", "src\BuildingBlocks\EventBus\EventBus.RabbitMQ\EventBus.RabbitMQ.csproj", "{4BF29173-B7C9-490F-B962-05CEA5FAC5D5}"
EndProject
Project("{2150E333-8FDC-42A3-9474-1A3956D46DE8}") = "BlazorWebApp", "BlazorWebApp", "{7A4C7740-0176-435E-BC47-52F6FAEF3F93}"
EndProject
Project("{9A19103F-16F7-4668-BE54-9A1E7A4F7556}") = "WepApp", "src\Clients\BlazorWebApp\WepApp\WepApp.csproj", "{02F05A07-141C-4EE2-99F8-E820511372A4}"
EndProject
Project("{2150E333-8FDC-42A3-9474-1A3956D46DE8}") = "BasketService", "BasketService", "{34B745CA-158E-4777-8E2F-B6359D0C0B75}"
EndProject
Project("{9A19103F-16F7-4668-BE54-9A1E7A4F7556}") = "BasketService.API", "src\Services\BasketService\BasketService.API\BasketService.API.csproj", "{BF464531-7792-49AC-B308-F6FAF32839F7}"
EndProject
Project("{2150E333-8FDC-42A3-9474-1A3956D46DE8}") = "CatalogService", "CatalogService", "{A45FA219-5436-4E77-863F-E84142EB637E}"
EndProject
Project("{9A19103F-16F7-4668-BE54-9A1E7A4F7556}") = "CatalogService.Api", "src\Services\CatalogService\CatalogService.Api\CatalogService.Api.csproj", "{9858D10E-F278-41F6-82F9-0568852EF7C0}"
EndProject
Project("{2150E333-8FDC-42A3-9474-1A3956D46DE8}") = "IdentityService", "IdentityService", "{7E3FF5FC-2C88-45ED-853F-E38CEC6D06FC}"
EndProject
Project("{9A19103F-16F7-4668-BE54-9A1E7A4F7556}") = "IdentityService.Api", "src\Services\IdentityService\IdentityService.Api\IdentityService.Api.csproj", "{661E68F6-277F-4DE9-8B6C-D7A86267AAF1}"
EndProject
Project("{2150E333-8FDC-42A3-9474-1A3956D46DE8}") = "NotificationService", "NotificationService", "{B106C906-9A20-466D-AFFF-68AB98D26FA9}"
EndProject
Project("{9A19103F-16F7-4668-BE54-9A1E7A4F7556}") = "NotificationService", "src\Services\NotificationService\NotificationService\NotificationService.csproj", "{0BD3C681-BF9F-48A9-9A99-C810AED13569}"
EndProject
Project("{2150E333-8FDC-42A3-9474-1A3956D46DE8}") = "OrderService", "OrderService", "{E8C4403A-17C6-4C6C-8E40-A037D2ADBE2F}"
EndProject
Project("{9A19103F-16F7-4668-BE54-9A1E7A4F7556}") = "OrderService.Domain", "src\Services\OrderService\OrderService.Domain\OrderService.Domain.csproj", "{E0B1A6A6-5285-48E4-8983-6AE2D38C3B40}"
EndProject
Project("{9A19103F-16F7-4668-BE54-9A1E7A4F7556}") = "OrderService.Application", "src\Services\OrderService\OrderService.Application\OrderService.Application.csproj", "{CE79CD8E-BE2D-487C-86C2-CD49B7EE5383}"
EndProject
Project("{9A19103F-16F7-4668-BE54-9A1E7A4F7556}") = "OrderService.Infrastructure", "src\Services\OrderService\OrderService.Infrastructure\OrderService.Infrastructure.csproj", "{EC4BFC86-D486-4C6F-A481-67153BAC880D}"
EndProject
Project("{9A19103F-16F7-4668-BE54-9A1E7A4F7556}") = "OrderService.Api", "src\Services\OrderService\OrderService.Api\OrderService.Api.csproj", "{33CA487F-AFA4-409F-818B-445287A17D7A}"
EndProject
Project("{2150E333-8FDC-42A3-9474-1A3956D46DE8}") = "PaymentService", "PaymentService", "{D62F33B5-EB96-4DB6-97F8-58D37784DBD5}"
EndProject
Project("{9A19103F-16F7-4668-BE54-9A1E7A4F7556}") = "PaymentService.Api", "src\Services\PaymentService\PaymentService.Api\PaymentService.Api.csproj", "{E9626BEE-C232-4E94-A6C2-9444DCABC57E}"
EndProject
Global
	GlobalSection(SolutionConfigurationPlatforms) = preSolution
		Debug|Any CPU = Debug|Any CPU
		Release|Any CPU = Release|Any CPU
	EndGlobalSection
	GlobalSection(ProjectConfigurationPlatforms) = postSolution
		{D9589C53-7546-47E4-B008-4456D1548DBE}.Debug|Any CPU.ActiveCfg = Debug|Any CPU
		{D9589C53-7546-47E4-B008-4456D1548DBE}.Debug|Any CPU.Build.0 = Debug|Any CPU
		{D9589C53-7546-47E4-B008-4456D1548DBE}.Release|Any CPU.ActiveCfg = Release|Any CPU
		{D9589C53-7546-47E4-B008-4456D1548DBE}.Release|Any CPU.Build.0 = Release|Any CPU
		{1AE08339-C8F6-4209-A9F5-12CE75DA99EC}.Debug|Any CPU.ActiveCfg = Debug|Any CPU
		{1AE08339-C8F6-4209-A9F5-12CE75DA99EC}.Debug|Any CPU.Build.0 = Debug|Any CPU
		{1AE08339-C8F6-4209-A9F5-12CE75DA99EC}.Release|Any CPU.ActiveCfg = Release|Any CPU
		{1AE08339-C8F6-4209-A9F5-12CE75DA99EC}.Release|Any CPU.Build.0 = Release|Any CPU
		{56BAAA09-1A4F-4EAD-B6EC-F0BBDFEFDD2D}.Debug|Any CPU.ActiveCfg = Debug|Any CPU
		{56BAAA09-1A4F-4EAD-B6EC-F0BBDFEFDD2D}.Debug|Any CPU.Build.0 = Debug|Any CPU
		{56BAAA09-1A4F-4EAD-B6EC-F0BBDFEFDD2D}.Release|Any CPU.ActiveCfg = Release|Any CPU
		{56BAAA09-1A4F-4EAD-B6EC-F0BBDFEFDD2D}.Release|Any CPU.Build.0 = Release|Any CPU
		{54541A30-CFCA-44FA-B959-8C924633873E}.Debug|Any CPU.ActiveCfg = Debug|Any CPU
		{54541A30-CFCA-44FA-B959-8C924633873E}.Debug|Any CPU.Build.0 = Debug|Any CPU
		{54541A30-CFCA-44FA-B959-8C924633873E}.Release|Any CPU.ActiveCfg = Release|Any CPU
		{54541A30-CFCA-44FA-B959-8C924633873E}.Release|Any CPU.Build.0 = Release|Any CPU
		{4BF29173-B7C9-490F-B962-05CEA5FAC5D5}.Debug|Any CPU.ActiveCfg = Debug|Any CPU
		{4BF29173-B7C9-490F-B962-05CEA5FAC5D5}.Debug|Any CPU.Build.0 = Debug|Any CPU
		{4BF29173-B7C9-490F-B962-05CEA5FAC5D5}.Release|Any CPU.ActiveCfg = Release|Any CPU
		{4BF29173-B7C9-490F-B962-05CEA5FAC5D5}.Release|Any CPU.Build.0 = Release|Any CPU
		{02F05A07-141C-4EE2-99F8-E820511372A4}.Debug|Any CPU.ActiveCfg = Debug|Any CPU
		{02F05A07-141C-4EE2-99F8-E820511372A4}.Debug|Any CPU.Build.0 = Debug|Any CPU
		{02F05A07-141C-4EE2-99F8-E820511372A4}.Release|Any CPU.ActiveCfg = Release|Any CPU
		{02F05A07-141C-4EE2-99F8-E820511372A4}.Release|Any CPU.Build.0 = Release|Any CPU
		{BF464531-7792-49AC-B308-F6FAF32839F7}.Debug|Any CPU.ActiveCfg = Debug|Any CPU
		{BF464531-7792-49AC-B308-F6FAF32839F7}.Debug|Any CPU.Build.0 = Debug|Any CPU
		{BF464531-7792-49AC-B308-F6FAF32839F7}.Release|Any CPU.ActiveCfg = Release|Any CPU
		{BF464531-7792-49AC-B308-F6FAF32839F7}.Release|Any CPU.Build.0 = Release|Any CPU
		{9858D10E-F278-41F6-82F9-0568852EF7C0}.Debug|Any CPU.ActiveCfg = Debug|Any CPU
		{9858D10E-F278-41F6-82F9-0568852EF7C0}.Debug|Any CPU.Build.0 = Debug|Any CPU
		{9858D10E-F278-41F6-82F9-0568852EF7C0}.Release|Any CPU.ActiveCfg = Release|Any CPU
		{9858D10E-F278-41F6-82F9-0568852EF7C0}.Release|Any CPU.Build.0 = Release|Any CPU
		{661E68F6-277F-4DE9-8B6C-D7A86267AAF1}.Debug|Any CPU.ActiveCfg = Debug|Any CPU
		{661E68F6-277F-4DE9-8B6C-D7A86267AAF1}.Debug|Any CPU.Build.0 = Debug|Any CPU
		{661E68F6-277F-4DE9-8B6C-D7A86267AAF1}.Release|Any CPU.ActiveCfg = Release|Any CPU
		{661E68F6-277F-4DE9-8B6C-D7A86267AAF1}.Release|Any CPU.Build.0 = Release|Any CPU
		{0BD3C681-BF9F-48A9-9A99-C810AED13569}.Debug|Any CPU.ActiveCfg = Debug|Any CPU
		{0BD3C681-BF9F-48A9-9A99-C810AED13569}.Debug|Any CPU.Build.0 = Debug|Any CPU
		{0BD3C681-BF9F-48A9-9A99-C810AED13569}.Release|Any CPU.ActiveCfg = Release|Any CPU
		{0BD3C681-BF9F-48A9-9A99-C810AED13569}.Release|Any CPU.Build.0 = Release|Any CPU
		{E0B1A6A6-5285-48E4-8983-6AE2D38C3B40}.Debug|Any CPU.ActiveCfg = Debug|Any CPU
		{E0B1A6A6-5285-48E4-8983-6AE2D38C3B40}.Debug|Any CPU.Build.0 = Debug|Any CPU
		{E0B1A6A6-5285-48E4-8983-6AE2D38C3B40}.Release|Any CPU.ActiveCfg = Release|Any CPU
		{E0B1A6A6-5285-48E4-8983-6AE2D38C3B40}.Release|Any CPU.Build.0 = Release|Any CPU
		{CE79CD8E-BE2D-487C-86C2-CD49B7EE5383}.Debug|Any CPU.ActiveCfg = Debug|Any CPU
		{CE79CD8E-BE2D-487C-86C2-CD49B7EE5383}.Debug|Any CPU.Build.0 = Debug|Any CPU
		{CE79CD8E-BE2D-487C-86C2-CD49B7EE5383}.Release|Any CPU.ActiveCfg = Release|Any CPU
		{CE79CD8E-BE2D-487C-86C2-CD49B7EE5383}.Release|Any CPU.Build.0 = Release|Any CPU
		{EC4BFC86-D486-4C6F-A481-67153BAC880D}.Debug|Any CPU.ActiveCfg = Debug|Any CPU
		{EC4BFC86-D486-4C6F-A481-67153BAC880D}.Debug|Any CPU.Build.0 = Debug|Any CPU
		{EC4BFC86-D486-4C6F-A481-67153BAC880D}.Release|Any CPU.ActiveCfg = Release|Any CPU
		{EC4BFC86-D486-4C6F-A481-67153BAC880D}.Release|Any CPU.Build.0 = Release|Any CPU
		{33CA487F-AFA4-409F-818B-445287A17D7A}.Debug|Any CPU.ActiveCfg = Debug|Any CPU
		{33CA487F-AFA4-409F-818B-445287A17D7A}.Debug|Any CPU.Build.0 = Debug|Any CPU
		{33CA487F-AFA4-409F-818B-445287A17D7A}.Release|Any CPU.ActiveCfg = Release|Any CPU
		{33CA487F-AFA4-409F-818B-445287A17D7A}.Release|Any CPU.Build.0 = Release|Any CPU
		{E9626BEE-C232-4E94-A6C2-9444DCABC57E}.Debug|Any CPU.ActiveCfg = Debug|Any CPU
		{E9626BEE-C232-4E94-A6C2-9444DCABC57E}.Debug|Any CPU.Build.0 = Debug|Any CPU
		{E9626BEE-C232-4E94-A6C2-9444DCABC57E}.Release|Any CPU.ActiveCfg = Release|Any CPU
		{E9626BEE-C232-4E94-A6C2-9444DCABC57E}.Release|Any CPU.Build.0 = Release|Any CPU
	EndGlobalSection
	GlobalSection(SolutionProperties) = preSolution
		HideSolutionNode = FALSE
	EndGlobalSection
	GlobalSection(NestedProjects) = preSolution
		{4BC31F6F-4971-4D30-AEB7-E57D42C8A64D} = {FBB9F47F-EA52-49D4-B6AC-7ECA9C4FCE50}
		{54307B8F-D701-47A1-8377-82E83DB1273E} = {FBB9F47F-EA52-49D4-B6AC-7ECA9C4FCE50}
		{246D5898-AA01-44D1-AA70-3CD1BA53D4B7} = {FBB9F47F-EA52-49D4-B6AC-7ECA9C4FCE50}
		{A7E55377-E2B1-4D45-9739-53EFAB8634D4} = {FBB9F47F-EA52-49D4-B6AC-7ECA9C4FCE50}
		{2BC8A273-EE29-4C05-BA66-61D0E8B1ECB8} = {4BC31F6F-4971-4D30-AEB7-E57D42C8A64D}
		{D9589C53-7546-47E4-B008-4456D1548DBE} = {2BC8A273-EE29-4C05-BA66-61D0E8B1ECB8}
		{9B2D971D-E76C-4FDE-8EAF-799FA9E956F1} = {54307B8F-D701-47A1-8377-82E83DB1273E}
		{1AE08339-C8F6-4209-A9F5-12CE75DA99EC} = {9B2D971D-E76C-4FDE-8EAF-799FA9E956F1}
		{56BAAA09-1A4F-4EAD-B6EC-F0BBDFEFDD2D} = {9B2D971D-E76C-4FDE-8EAF-799FA9E956F1}
		{54541A30-CFCA-44FA-B959-8C924633873E} = {9B2D971D-E76C-4FDE-8EAF-799FA9E956F1}
		{4BF29173-B7C9-490F-B962-05CEA5FAC5D5} = {9B2D971D-E76C-4FDE-8EAF-799FA9E956F1}
		{7A4C7740-0176-435E-BC47-52F6FAEF3F93} = {A7E55377-E2B1-4D45-9739-53EFAB8634D4}
		{02F05A07-141C-4EE2-99F8-E820511372A4} = {7A4C7740-0176-435E-BC47-52F6FAEF3F93}
		{34B745CA-158E-4777-8E2F-B6359D0C0B75} = {246D5898-AA01-44D1-AA70-3CD1BA53D4B7}
		{BF464531-7792-49AC-B308-F6FAF32839F7} = {34B745CA-158E-4777-8E2F-B6359D0C0B75}
		{A45FA219-5436-4E77-863F-E84142EB637E} = {246D5898-AA01-44D1-AA70-3CD1BA53D4B7}
		{9858D10E-F278-41F6-82F9-0568852EF7C0} = {A45FA219-5436-4E77-863F-E84142EB637E}
		{7E3FF5FC-2C88-45ED-853F-E38CEC6D06FC} = {246D5898-AA01-44D1-AA70-3CD1BA53D4B7}
		{661E68F6-277F-4DE9-8B6C-D7A86267AAF1} = {7E3FF5FC-2C88-45ED-853F-E38CEC6D06FC}
		{B106C906-9A20-466D-AFFF-68AB98D26FA9} = {246D5898-AA01-44D1-AA70-3CD1BA53D4B7}
		{0BD3C681-BF9F-48A9-9A99-C810AED13569} = {B106C906-9A20-466D-AFFF-68AB98D26FA9}
		{E8C4403A-17C6-4C6C-8E40-A037D2ADBE2F} = {246D5898-AA01-44D1-AA70-3CD1BA53D4B7}
		{E0B1A6A6-5285-48E4-8983-6AE2D38C3B40} = {E8C4403A-17C6-4C6C-8E40-A037D2ADBE2F}
		{CE79CD8E-BE2D-487C-86C2-CD49B7EE5383} = {E8C4403A-17C6-4C6C-8E40-A037D2ADBE2F}
		{EC4BFC86-D486-4C6F-A481-67153BAC880D} = {E8C4403A-17C6-4C6C-8E40-A037D2ADBE2F}
		{33CA487F-AFA4-409F-818B-445287A17D7A} = {E8C4403A-17C6-4C6C-8E40-A037D2ADBE2F}
		{D62F33B5-EB96-4DB6-97F8-58D37784DBD5} = {246D5898-AA01-44D1-AA70-3CD1BA53D4B7}
		{E9626BEE-C232-4E94-A6C2-9444DCABC57E} = {D62F33B5-EB96-4DB6-97F8-58D37784DBD5}
	EndGlobalSection
	GlobalSection(ExtensibilityGlobals) = postSolution
		SolutionGuid = {C380FB2E-0343-41F7-90E7-DCFBAA10D972}
	EndGlobalSection
EndGlobal
